<?xml version="1.0" encoding="UTF-8" standalone="yes" ?>
<CodeBlocks_project_file>
	<FileVersion major="1" minor="6" />
	<Project>
		<Option title="verkefnid" />
		<Option pch_mode="2" />
		<Option compiler="gcc" />
		<Build>
			<Target title="Debug">
				<Option output="bin/Debug/verkefnid" prefix_auto="1" extension_auto="1" />
				<Option object_output="obj/Debug/" />
				<Option type="1" />
				<Option compiler="gcc" />
				<Compiler>
					<Add option="-g" />
					<Add directory="include" />
					<Add directory="include/UI" />
					<Add directory="include/repository" />
					<Add directory="include/service" />
				</Compiler>
			</Target>
			<Target title="Release">
				<Option output="bin/Release/verkefnid" prefix_auto="1" extension_auto="1" />
				<Option object_output="obj/Release/" />
				<Option type="1" />
				<Option compiler="gcc" />
				<Compiler>
					<Add option="-O2" />
					<Add directory="include" />
					<Add directory="include/UI" />
					<Add directory="include/repository" />
					<Add directory="include/service" />
				</Compiler>
				<Linker>
					<Add option="-s" />
				</Linker>
			</Target>
		</Build>
		<Compiler>
			<Add option="-Wall" />
			<Add option="-fexceptions" />
		</Compiler>
		<Unit filename="include/UI/AdminUI.h" />
		<Unit filename="include/UI/MainMenuUI.h" />
		<Unit filename="include/repository/PizzaRepository.h" />
		<Unit filename="include/repository/ToppingRepository.h" />
		<Unit filename="include/service/PizzaService.h" />
		<Unit filename="include/service/ToppingService.h" />
		<Unit filename="main.cpp" />
		<Unit filename="src/UI/AdminUI.cpp" />
		<Unit filename="src/UI/MainMenuUI.cpp" />
		<Unit filename="src/repository/PizzaRepository.cpp" />
		<Unit filename="src/repository/ToppingRepository.cpp" />
		<Unit filename="src/service/PizzaService.cpp" />
		<Unit filename="src/service/ToppingService.cpp" />
		<Extensions>
			<code_completion />
			<envvars />
			<debugger />
		</Extensions>
	</Project>
</CodeBlocks_project_file>
